
Microsoft Visual Studio Solution File, Format Version 11.00
# Visual Studio 2010
Project("{FAE04EC0-301F-11D3-BF4B-00C04F79EFBC}") = "RSSReader", "RSSReader\RSSReader.csproj", "{210DC839-F558-4098-8F9D-8D2D1A9BE977}"
EndProject
Global
	GlobalSection(SolutionConfigurationPlatforms) = preSolution
		Debug|Any CPU = Debug|Any CPU
		Release|Any CPU = Release|Any CPU
	EndGlobalSection
	GlobalSection(ProjectConfigurationPlatforms) = postSolution
		{210DC839-F558-4098-8F9D-8D2D1A9BE977}.Debug|Any CPU.ActiveCfg = Debug|Any CPU
		{210DC839-F558-4098-8F9D-8D2D1A9BE977}.Debug|Any CPU.Build.0 = Debug|Any CPU
		{210DC839-F558-4098-8F9D-8D2D1A9BE977}.Release|Any CPU.ActiveCfg = Release|Any CPU
		{210DC839-F558-4098-8F9D-8D2D1A9BE977}.Release|Any CPU.Build.0 = Release|Any CPU
	EndGlobalSection
	GlobalSection(SolutionProperties) = preSolution
		HideSolutionNode = FALSE
	EndGlobalSection
EndGlobal
